PODS:
  - Alamofire (5.5.0)
  - Kingfisher (7.2.0)
  - SnapKit (5.0.1)

DEPENDENCIES:
  - Alamofire
  - Kingfisher
  - SnapKit

SPEC REPOS:
  trunk:
    - Alamofire
    - Kingfisher
    - SnapKit

SPEC CHECKSUMS:
  Alamofire: 1c4fb5369c3fe93d2857c780d8bbe09f06f97e7c
  Kingfisher: 3ac0b75b155cabc0e544877d1a4deea29feece92
  SnapKit: 97b92857e3df3a0c71833cce143274bf6ef8e5eb

PODFILE CHECKSUM: 7f5070fbaa0d917c8392a581fd4e0fe748e1680f

COCOAPODS: 1.11.3
